
Microsoft Visual Studio Solution File, Format Version 12.00
# Visual Studio Version 16
VisualStudioVersion = 16.0.30804.86
MinimumVisualStudioVersion = 10.0.40219.1
Project("{FAE04EC0-301F-11D3-BF4B-00C04F79EFBC}") = "AppLocker Bypass PowerShell Runspace", "AppLocker Bypass PowerShell Runspace.csproj", "{94AEDCE4-D4A2-45DB-B98E-860EE6BE8385}"
EndProject
Global
	GlobalSection(SolutionConfigurationPlatforms) = preSolution
		Debug|Any CPU = Debug|Any CPU
		Release|Any CPU = Release|Any CPU
	EndGlobalSection
	GlobalSection(ProjectConfigurationPlatforms) = postSolution
		{94AEDCE4-D4A2-45DB-B98E-860EE6BE8385}.Debug|Any CPU.ActiveCfg = Debug|Any CPU
		{94AEDCE4-D4A2-45DB-B98E-860EE6BE8385}.Debug|Any CPU.Build.0 = Debug|Any CPU
		{94AEDCE4-D4A2-45DB-B98E-860EE6BE8385}.Release|Any CPU.ActiveCfg = Release|Any CPU
		{94AEDCE4-D4A2-45DB-B98E-860EE6BE8385}.Release|Any CPU.Build.0 = Release|Any CPU
	EndGlobalSection
	GlobalSection(SolutionProperties) = preSolution
		HideSolutionNode = FALSE
	EndGlobalSection
	GlobalSection(ExtensibilityGlobals) = postSolution
		SolutionGuid = {2EC8A5D7-7AA0-43D5-A631-D9AEC215E93F}
	EndGlobalSection
EndGlobal
