
Microsoft Visual Studio Solution File, Format Version 12.00
# Visual Studio Version 16
VisualStudioVersion = 16.0.30804.86
MinimumVisualStudioVersion = 10.0.40219.1
Project("{FAE04EC0-301F-11D3-BF4B-00C04F79EFBC}") = "PrintSpoofer", "PrintSpoofer.csproj", "{C91C8B29-82DF-49C0-986B-81182CF84E42}"
EndProject
Global
	GlobalSection(SolutionConfigurationPlatforms) = preSolution
		Debug|Any CPU = Debug|Any CPU
		Debug|x64 = Debug|x64
		Release|Any CPU = Release|Any CPU
		Release|x64 = Release|x64
	EndGlobalSection
	GlobalSection(ProjectConfigurationPlatforms) = postSolution
		{C91C8B29-82DF-49C0-986B-81182CF84E42}.Debug|Any CPU.ActiveCfg = Debug|Any CPU
		{C91C8B29-82DF-49C0-986B-81182CF84E42}.Debug|Any CPU.Build.0 = Debug|Any CPU
		{C91C8B29-82DF-49C0-986B-81182CF84E42}.Debug|x64.ActiveCfg = Debug|x64
		{C91C8B29-82DF-49C0-986B-81182CF84E42}.Debug|x64.Build.0 = Debug|x64
		{C91C8B29-82DF-49C0-986B-81182CF84E42}.Release|Any CPU.ActiveCfg = Release|Any CPU
		{C91C8B29-82DF-49C0-986B-81182CF84E42}.Release|Any CPU.Build.0 = Release|Any CPU
		{C91C8B29-82DF-49C0-986B-81182CF84E42}.Release|x64.ActiveCfg = Release|x64
		{C91C8B29-82DF-49C0-986B-81182CF84E42}.Release|x64.Build.0 = Release|x64
	EndGlobalSection
	GlobalSection(SolutionProperties) = preSolution
		HideSolutionNode = FALSE
	EndGlobalSection
	GlobalSection(ExtensibilityGlobals) = postSolution
		SolutionGuid = {4312EA9E-E161-4B69-A14B-2377CB32213A}
	EndGlobalSection
EndGlobal
