
Microsoft Visual Studio Solution File, Format Version 12.00
# Visual Studio Version 16
VisualStudioVersion = 16.0.30804.86
MinimumVisualStudioVersion = 10.0.40219.1
Project("{FAE04EC0-301F-11D3-BF4B-00C04F79EFBC}") = "Simple Shellcode Runner", "Simple Shellcode Runner.csproj", "{1659E645-27B0-4AB9-A10E-64BA4B801CB0}"
EndProject
Global
	GlobalSection(SolutionConfigurationPlatforms) = preSolution
		Debug|Any CPU = Debug|Any CPU
		Release|Any CPU = Release|Any CPU
	EndGlobalSection
	GlobalSection(ProjectConfigurationPlatforms) = postSolution
		{1659E645-27B0-4AB9-A10E-64BA4B801CB0}.Debug|Any CPU.ActiveCfg = Debug|Any CPU
		{1659E645-27B0-4AB9-A10E-64BA4B801CB0}.Debug|Any CPU.Build.0 = Debug|Any CPU
		{1659E645-27B0-4AB9-A10E-64BA4B801CB0}.Release|Any CPU.ActiveCfg = Release|x64
		{1659E645-27B0-4AB9-A10E-64BA4B801CB0}.Release|Any CPU.Build.0 = Release|x64
	EndGlobalSection
	GlobalSection(SolutionProperties) = preSolution
		HideSolutionNode = FALSE
	EndGlobalSection
	GlobalSection(ExtensibilityGlobals) = postSolution
		SolutionGuid = {AD661BF8-44C4-4DF0-8EF0-6B38C519DD39}
	EndGlobalSection
EndGlobal
